
Microsoft Visual Studio Solution File, Format Version 12.00
# Visual Studio Version 17
VisualStudioVersion = 17.1.32421.90
MinimumVisualStudioVersion = 10.0.40219.1
Project("{FAE04EC0-301F-11D3-BF4B-00C04F79EFBC}") = "EmployeeControllerAndView Assignment", "EmployeeControllerAndView Assignment\EmployeeControllerAndView Assignment.csproj", "{CC73F89F-09F8-467D-A5A7-50575F4A73EE}"
EndProject
Global
	GlobalSection(SolutionConfigurationPlatforms) = preSolution
		Debug|Any CPU = Debug|Any CPU
		Release|Any CPU = Release|Any CPU
	EndGlobalSection
	GlobalSection(ProjectConfigurationPlatforms) = postSolution
		{CC73F89F-09F8-467D-A5A7-50575F4A73EE}.Debug|Any CPU.ActiveCfg = Debug|Any CPU
		{CC73F89F-09F8-467D-A5A7-50575F4A73EE}.Debug|Any CPU.Build.0 = Debug|Any CPU
		{CC73F89F-09F8-467D-A5A7-50575F4A73EE}.Release|Any CPU.ActiveCfg = Release|Any CPU
		{CC73F89F-09F8-467D-A5A7-50575F4A73EE}.Release|Any CPU.Build.0 = Release|Any CPU
	EndGlobalSection
	GlobalSection(SolutionProperties) = preSolution
		HideSolutionNode = FALSE
	EndGlobalSection
	GlobalSection(ExtensibilityGlobals) = postSolution
		SolutionGuid = {0FCFC4F5-5F14-4705-BCB3-05ADFAD85BE2}
	EndGlobalSection
EndGlobal
